{
  "name": "@bats-hardened/bats-assert",
  "version": "2.2.5-beta06",
  "lockfileVersion": 3,
  "requires": true,
  "packages": {
    "": {
      "name": "@bats-hardened/bats-assert",
      "version": "2.2.5-beta06",
      "license": "CC0-1.0",
      "devDependencies": {
        "@bats-hardened/bats": "^1.14.1-alpha01",
        "@bats-hardened/bats-support": "^0.3.1-alpha01"
      },
      "peerDependencies": {
        "@bats-hardened/bats": "0.4 || ^1.14.1-alpha01",
        "@bats-hardened/bats-support": "^0.3.1-alpha01"
      }
    },
    "node_modules/@bats-hardened/bats": {
      "version": "1.14.1-beta05",
      "resolved": "https://registry.npmjs.org/@bats-hardened/bats/-/bats-1.14.1-beta05.tgz",
      "integrity": "sha512-2BKvpMiK/GzSxStIzzHiudWtT94n1rmetVmPZsPFkkQBLYSYkWc28d3ASuswSKE3S6hOLkoAROLBUy7/oOFjQQ==",
      "dev": true,
      "license": "MIT",
      "bin": {
        "bats": "bin/bats"
      }
    },
    "node_modules/@bats-hardened/bats-support": {
      "version": "0.3.1-beta05",
      "resolved": "https://registry.npmjs.org/@bats-hardened/bats-support/-/bats-support-0.3.1-beta05.tgz",
      "integrity": "sha512-9y8eKF5+Dw7IxlyVcUwErUNl4//9LNet1ph52m+AN/o770WjY84WlkTFxT7FtVeUwpsYD7YGjCfGAe9HRyd33A==",
      "dev": true,
      "license": "0BSD",
      "peerDependencies": {
        "@bats-hardened/bats": "0.4 || ^1.14.1-alpha01"
      }
    }
  }
}
