{
  "name": "@bats-hardened/bats-assert",
  "version": "2.2.5-alpha02",
  "lockfileVersion": 3,
  "requires": true,
  "packages": {
    "": {
      "name": "@bats-hardened/bats-assert",
      "version": "2.2.5-alpha02",
      "license": "CC0-1.0",
      "devDependencies": {
        "@bats-hardened/bats": "^1.14.1-alpha01",
        "@bats-hardened/bats-support": "^0.3.1-alpha01"
      },
      "peerDependencies": {
        "@bats-hardened/bats": "0.4 || ^1.14.1-alpha01",
        "@bats-hardened/bats-support": "^0.3.1-alpha01"
      }
    },
    "node_modules/@bats-hardened/bats": {
      "version": "1.14.1-beta02",
      "resolved": "https://registry.npmjs.org/@bats-hardened/bats/-/bats-1.14.1-beta02.tgz",
      "integrity": "sha512-xAVoTsraMqaWzzY52PMZuJf0WGE46fg4lgEVRYICYHF3W1J+R/OciHH/KBrojkhWeYyuNZGeCMLqF4zJHof3uA==",
      "dev": true,
      "license": "MIT",
      "bin": {
        "bats": "bin/bats"
      }
    },
    "node_modules/@bats-hardened/bats-support": {
      "version": "0.3.1-beta01",
      "resolved": "https://registry.npmjs.org/@bats-hardened/bats-support/-/bats-support-0.3.1-beta01.tgz",
      "integrity": "sha512-v/ZdF1QfI3UhUejfCQv1oWzpLqzzrDLqJ4q7AdvaINqGTp6p8MrYXQcOtCpVe00VQs6h9ACr6xdxtbqiJpQF6w==",
      "dev": true,
      "license": "0BSD",
      "peerDependencies": {
        "@bats-hardened/bats": "0.4 || ^1.14.1-alpha01"
      }
    }
  }
}
